
Microsoft Visual Studio Solution File, Format Version 11.00
# Visual C# Express 2010
Project("{FAE04EC0-301F-11D3-BF4B-00C04F79EFBC}") = "CloudAppSharp", "CloudAppSharp\CloudAppSharp.csproj", "{1008830A-1878-4D34-83FD-9F9DB1886C4B}"
EndProject
Project("{FAE04EC0-301F-11D3-BF4B-00C04F79EFBC}") = "CloudAppSharpDemo", "CloudAppSharpDemo\CloudAppSharpDemo.csproj", "{E5786F3E-46C2-40BD-A64B-ABF647A2FDB7}"
EndProject
Global
	GlobalSection(SolutionConfigurationPlatforms) = preSolution
		Debug|Any CPU = Debug|Any CPU
		Debug|Mixed Platforms = Debug|Mixed Platforms
		Debug|x86 = Debug|x86
		Release|Any CPU = Release|Any CPU
		Release|Mixed Platforms = Release|Mixed Platforms
		Release|x86 = Release|x86
	EndGlobalSection
	GlobalSection(ProjectConfigurationPlatforms) = postSolution
		{1008830A-1878-4D34-83FD-9F9DB1886C4B}.Debug|Any CPU.ActiveCfg = Debug|Any CPU
		{1008830A-1878-4D34-83FD-9F9DB1886C4B}.Debug|Any CPU.Build.0 = Debug|Any CPU
		{1008830A-1878-4D34-83FD-9F9DB1886C4B}.Debug|Mixed Platforms.ActiveCfg = Debug|Any CPU
		{1008830A-1878-4D34-83FD-9F9DB1886C4B}.Debug|Mixed Platforms.Build.0 = Debug|Any CPU
		{1008830A-1878-4D34-83FD-9F9DB1886C4B}.Debug|x86.ActiveCfg = Debug|Any CPU
		{1008830A-1878-4D34-83FD-9F9DB1886C4B}.Release|Any CPU.ActiveCfg = Release|Any CPU
		{1008830A-1878-4D34-83FD-9F9DB1886C4B}.Release|Any CPU.Build.0 = Release|Any CPU
		{1008830A-1878-4D34-83FD-9F9DB1886C4B}.Release|Mixed Platforms.ActiveCfg = Release|Any CPU
		{1008830A-1878-4D34-83FD-9F9DB1886C4B}.Release|Mixed Platforms.Build.0 = Release|Any CPU
		{1008830A-1878-4D34-83FD-9F9DB1886C4B}.Release|x86.ActiveCfg = Release|Any CPU
		{E5786F3E-46C2-40BD-A64B-ABF647A2FDB7}.Debug|Any CPU.ActiveCfg = Debug|x86
		{E5786F3E-46C2-40BD-A64B-ABF647A2FDB7}.Debug|Mixed Platforms.ActiveCfg = Debug|x86
		{E5786F3E-46C2-40BD-A64B-ABF647A2FDB7}.Debug|Mixed Platforms.Build.0 = Debug|x86
		{E5786F3E-46C2-40BD-A64B-ABF647A2FDB7}.Debug|x86.ActiveCfg = Debug|x86
		{E5786F3E-46C2-40BD-A64B-ABF647A2FDB7}.Debug|x86.Build.0 = Debug|x86
		{E5786F3E-46C2-40BD-A64B-ABF647A2FDB7}.Release|Any CPU.ActiveCfg = Release|x86
		{E5786F3E-46C2-40BD-A64B-ABF647A2FDB7}.Release|Mixed Platforms.ActiveCfg = Release|x86
		{E5786F3E-46C2-40BD-A64B-ABF647A2FDB7}.Release|Mixed Platforms.Build.0 = Release|x86
		{E5786F3E-46C2-40BD-A64B-ABF647A2FDB7}.Release|x86.ActiveCfg = Release|x86
		{E5786F3E-46C2-40BD-A64B-ABF647A2FDB7}.Release|x86.Build.0 = Release|x86
	EndGlobalSection
	GlobalSection(SolutionProperties) = preSolution
		HideSolutionNode = FALSE
	EndGlobalSection
EndGlobal
